// !$*UTF8*$!
{
	archiveVersion = 1;
	classes = {
	};
	objectVersion = 46;
	objects = {

/* Begin PBXBuildFile section */
		96E3993B1C29401900FF642B /* AppDelegate.swift in Sources */ = {isa = PBXBuildFile; fileRef = 96E3993A1C29401900FF642B /* AppDelegate.swift */; };
		96E3993D1C29401900FF642B /* ViewController.swift in Sources */ = {isa = PBXBuildFile; fileRef = 96E3993C1C29401900FF642B /* ViewController.swift */; };
		96E399401C29401A00FF642B /* PopularMoviesGuide.xcdatamodeld in Sources */ = {isa = PBXBuildFile; fileRef = 96E3993E1C29401A00FF642B /* PopularMoviesGuide.xcdatamodeld */; };
		96E399431C29401A00FF642B /* Main.storyboard in Resources */ = {isa = PBXBuildFile; fileRef = 96E399411C29401A00FF642B /* Main.storyboard */; };
		96E399451C29401A00FF642B /* Assets.xcassets in Resources */ = {isa = PBXBuildFile; fileRef = 96E399441C29401A00FF642B /* Assets.xcassets */; };
/* End PBXBuildFile section */

/* Begin PBXFileReference section */
		96E399371C29401900FF642B /* PopularMoviesGuide.app */ = {isa = PBXFileReference; explicitFileType = wrapper.application; includeInIndex = 0; path = PopularMoviesGuide.app; sourceTree = BUILT_PRODUCTS_DIR; };
		96E3993A1C29401900FF642B /* AppDelegate.swift */ = {isa = PBXFileReference; lastKnownFileType = sourcecode.swift; path = AppDelegate.swift; sourceTree = "<group>"; };
		96E3993C1C29401900FF642B /* ViewController.swift */ = {isa = PBXFileReference; lastKnownFileType = sourcecode.swift; path = ViewController.swift; sourceTree = "<group>"; };
		96E3993F1C29401A00FF642B /* PopularMoviesGuide.xcdatamodel */ = {isa = PBXFileReference; lastKnownFileType = wrapper.xcdatamodel; path = PopularMoviesGuide.xcdatamodel; sourceTree = "<group>"; };
		96E399421C29401A00FF642B /* Base */ = {isa = PBXFileReference; lastKnownFileType = file.storyboard; name = Base; path = Base.lproj/Main.storyboard; sourceTree = "<group>"; };
		96E399441C29401A00FF642B /* Assets.xcassets */ = {isa = PBXFileReference; lastKnownFileType = folder.assetcatalog; path = Assets.xcassets; sourceTree = "<group>"; };
		96E399461C29401A00FF642B /* Info.plist */ = {isa = PBXFileReference; lastKnownFileType = text.plist.xml; path = Info.plist; sourceTree = "<group>"; };
/* End PBXFileReference section */

/* Begin PBXFrameworksBuildPhase section */
		96E399341C29401900FF642B /* Frameworks */ = {
			isa = PBXFrameworksBuildPhase;
			buildActionMask = 2147483647;
			files = (
			);
			runOnlyForDeploymentPostprocessing = 0;
		};
/* End PBXFrameworksBuildPhase section */

/* Begin PBXGroup section */
		96E3992E1C29401900FF642B = {
			isa = PBXGroup;
			children = (
				96E399391C29401900FF642B /* PopularMoviesGuide */,
				96E399381C29401900FF642B /* Products */,
			);
			sourceTree = "<group>";
		};
		96E399381C29401900FF642B /* Products */ = {
			isa = PBXGroup;
			children = (
				96E399371C29401900FF642B /* PopularMoviesGuide.app */,
			);
			name = Products;
			sourceTree = "<group>";
		};
		96E399391C29401900FF642B /* PopularMoviesGuide */ = {
			isa = PBXGroup;
			children = (
				96E3993A1C29401900FF642B /* AppDelegate.swift */,
				96E3993C1C29401900FF642B /* ViewController.swift */,
				96E399411C29401A00FF642B /* Main.storyboard */,
				96E399441C29401A00FF642B /* Assets.xcassets */,
				96E399461C29401A00FF642B /* Info.plist */,
				96E3993E1C29401A00FF642B /* PopularMoviesGuide.xcdatamodeld */,
			);
			path = PopularMoviesGuide;
			sourceTree = "<group>";
		};
/* End PBXGroup section */

/* Begin PBXNativeTarget section */
		96E399361C29401900FF642B /* PopularMoviesGuide */ = {
			isa = PBXNativeTarget;
			buildConfigurationList = 96E399491C29401A00FF642B /* Build configuration list for PBXNativeTarget "PopularMoviesGuide" */;
			buildPhases = (
				96E399331C29401900FF642B /* Sources */,
				96E399341C29401900FF642B /* Frameworks */,
				96E399351C29401900FF642B /* Resources */,
			);
			buildRules = (
			);
			dependencies = (
			);
			name = PopularMoviesGuide;
			productName = PopularMoviesGuide;
			productReference = 96E399371C29401900FF642B /* PopularMoviesGuide.app */;
			productType = "com.apple.product-type.application";
		};
/* End PBXNativeTarget section */

/* Begin PBXProject section */
		96E3992F1C29401900FF642B /* Project object */ = {
			isa = PBXProject;
			attributes = {
				LastSwiftUpdateCheck = 0710;
				LastUpgradeCheck = 0710;
				ORGANIZATIONNAME = Devsmugglers;
				TargetAttributes = {
					96E399361C29401900FF642B = {
						CreatedOnToolsVersion = 7.1.1;
					};
				};
			};
			buildConfigurationList = 96E399321C29401900FF642B /* Build configuration list for PBXProject "PopularMoviesGuide" */;
			compatibilityVersion = "Xcode 3.2";
			developmentRegion = English;
			hasScannedForEncodings = 0;
			knownRegions = (
				en,
				Base,
			);
			mainGroup = 96E3992E1C29401900FF642B;
			productRefGroup = 96E399381C29401900FF642B /* Products */;
			projectDirPath = "";
			projectRoot = "";
			targets = (
				96E399361C29401900FF642B /* PopularMoviesGuide */,
			);
		};
/* End PBXProject section */

/* Begin PBXResourcesBuildPhase section */
		96E399351C29401900FF642B /* Resources */ = {
			isa = PBXResourcesBuildPhase;
			buildActionMask = 2147483647;
			files = (
				96E399451C29401A00FF642B /* Assets.xcassets in Resources */,
				96E399431C29401A00FF642B /* Main.storyboard in Resources */,
			);
			runOnlyForDeploymentPostprocessing = 0;
		};
/* End PBXResourcesBuildPhase section */

/* Begin PBXSourcesBuildPhase section */
		96E399331C29401900FF642B /* Sources */ = {
			isa = PBXSourcesBuildPhase;
			buildActionMask = 2147483647;
			files = (
				96E3993D1C29401900FF642B /* ViewController.swift in Sources */,
				96E399401C29401A00FF642B /* PopularMoviesGuide.xcdatamodeld in Sources */,
				96E3993B1C29401900FF642B /* AppDelegate.swift in Sources */,
			);
			runOnlyForDeploymentPostprocessing = 0;
		};
/* End PBXSourcesBuildPhase section */

/* Begin PBXVariantGroup section */
		96E399411C29401A00FF642B /* Main.storyboard */ = {
			isa = PBXVariantGroup;
			children = (
				96E399421C29401A00FF642B /* Base */,
			);
			name = Main.storyboard;
			sourceTree = "<group>";
		};
/* End PBXVariantGroup section */

/* Begin XCBuildConfiguration section */
		96E399471C29401A00FF642B /* Debug */ = {
			isa = XCBuildConfiguration;
			buildSettings = {
				ALWAYS_SEARCH_USER_PATHS = NO;
				CLANG_CXX_LANGUAGE_STANDARD = "gnu++0x";
				CLANG_CXX_LIBRARY = "libc++";
				CLANG_ENABLE_MODULES = YES;
				CLANG_ENABLE_OBJC_ARC = YES;
				CLANG_WARN_BOOL_CONVERSION = YES;
				CLANG_WARN_CONSTANT_CONVERSION = YES;
				CLANG_WARN_DIRECT_OBJC_ISA_USAGE = YES_ERROR;
				CLANG_WARN_EMPTY_BODY = YES;
				CLANG_WARN_ENUM_CONVERSION = YES;
				CLANG_WARN_INT_CONVERSION = YES;
				CLANG_WARN_OBJC_ROOT_CLASS = YES_ERROR;
				CLANG_WARN_UNREACHABLE_CODE = YES;
				CLANG_WARN__DUPLICATE_METHOD_MATCH = YES;
				COPY_PHASE_STRIP = NO;
				DEBUG_INFORMATION_FORMAT = dwarf;
				ENABLE_STRICT_OBJC_MSGSEND = YES;
				ENABLE_TESTABILITY = YES;
				GCC_C_LANGUAGE_STANDARD = gnu99;
				GCC_DYNAMIC_NO_PIC = NO;
				GCC_NO_COMMON_BLOCKS = YES;
				GCC_OPTIMIZATION_LEVEL = 0;
				GCC_PREPROCESSOR_DEFINITIONS = (
					"DEBUG=1",
					"$(inherited)",
				);
				GCC_WARN_64_TO_32_BIT_CONVERSION = YES;
				GCC_WARN_ABOUT_RETURN_TYPE = YES_ERROR;
				GCC_WARN_UNDECLARED_SELECTOR = YES;
				GCC_WARN_UNINITIALIZED_AUTOS = YES_AGGRESSIVE;
				GCC_WARN_UNUSED_FUNCTION = YES;
				GCC_WARN_UNUSED_VARIABLE = YES;
				MTL_ENABLE_DEBUG_INFO = YES;
				ONLY_ACTIVE_ARCH = YES;
				SDKROOT = appletvos;
				SWIFT_OPTIMIZATION_LEVEL = "-Onone";
				TARGETED_DEVICE_FAMILY = 3;
				TVOS_DEPLOYMENT_TARGET = 9.0;
			};
			name = Debug;
		};
		96E399481C29401A00FF642B /* Release */ = {
			isa = XCBuildConfiguration;
			buildSettings = {
				ALWAYS_SEARCH_USER_PATHS = NO;
				CLANG_CXX_LANGUAGE_STANDARD = "gnu++0x";
				CLANG_CXX_LIBRARY = "libc++";
				CLANG_ENABLE_MODULES = YES;
				CLANG_ENABLE_OBJC_ARC = YES;
				CLANG_WARN_BOOL_CONVERSION = YES;
				CLANG_WARN_CONSTANT_CONVERSION = YES;
				CLANG_WARN_DIRECT_OBJC_ISA_USAGE = YES_ERROR;
				CLANG_WARN_EMPTY_BODY = YES;
				CLANG_WARN_ENUM_CONVERSION = YES;
				CLANG_WARN_INT_CONVERSION = YES;
				CLANG_WARN_OBJC_ROOT_CLASS = YES_ERROR;
				CLANG_WARN_UNREACHABLE_CODE = YES;
				CLANG_WARN__DUPLICATE_METHOD_MATCH = YES;
				COPY_PHASE_STRIP = NO;
				DEBUG_INFORMATION_FORMAT = "dwarf-with-dsym";
				ENABLE_NS_ASSERTIONS = NO;
				ENABLE_STRICT_OBJC_MSGSEND = YES;
				GCC_C_LANGUAGE_STANDARD = gnu99;
				GCC_NO_COMMON_BLOCKS = YES;
				GCC_WARN_64_TO_32_BIT_CONVERSION = YES;
				GCC_WARN_ABOUT_RETURN_TYPE = YES_ERROR;
				GCC_WARN_UNDECLARED_SELECTOR = YES;
				GCC_WARN_UNINITIALIZED_AUTOS = YES_AGGRESSIVE;
				GCC_WARN_UNUSED_FUNCTION = YES;
				GCC_WARN_UNUSED_VARIABLE = YES;
				MTL_ENABLE_DEBUG_INFO = NO;
				SDKROOT = appletvos;
				TARGETED_DEVICE_FAMILY = 3;
				TVOS_DEPLOYMENT_TARGET = 9.0;
				VALIDATE_PRODUCT = YES;
			};
			name = Release;
		};
		96E3994A1C29401A00FF642B /* Debug */ = {
			isa = XCBuildConfiguration;
			buildSettings = {
				ASSETCATALOG_COMPILER_APPICON_NAME = "App Icon & Top Shelf Image";
				ASSETCATALOG_COMPILER_LAUNCHIMAGE_NAME = LaunchImage;
				INFOPLIST_FILE = PopularMoviesGuide/Info.plist;
				LD_RUNPATH_SEARCH_PATHS = "$(inherited) @executable_path/Frameworks";
				PRODUCT_BUNDLE_IDENTIFIER = com.devsmugglers.PopularMoviesGuide;
				PRODUCT_NAME = "$(TARGET_NAME)";
			};
			name = Debug;
		};
		96E3994B1C29401A00FF642B /* Release */ = {
			isa = XCBuildConfiguration;
			buildSettings = {
				ASSETCATALOG_COMPILER_APPICON_NAME = "App Icon & Top Shelf Image";
				ASSETCATALOG_COMPILER_LAUNCHIMAGE_NAME = LaunchImage;
				INFOPLIST_FILE = PopularMoviesGuide/Info.plist;
				LD_RUNPATH_SEARCH_PATHS = "$(inherited) @executable_path/Frameworks";
				PRODUCT_BUNDLE_IDENTIFIER = com.devsmugglers.PopularMoviesGuide;
				PRODUCT_NAME = "$(TARGET_NAME)";
			};
			name = Release;
		};
/* End XCBuildConfiguration section */

/* Begin XCConfigurationList section */
		96E399321C29401900FF642B /* Build configuration list for PBXProject "PopularMoviesGuide" */ = {
			isa = XCConfigurationList;
			buildConfigurations = (
				96E399471C29401A00FF642B /* Debug */,
				96E399481C29401A00FF642B /* Release */,
			);
			defaultConfigurationIsVisible = 0;
			defaultConfigurationName = Release;
		};
		96E399491C29401A00FF642B /* Build configuration list for PBXNativeTarget "PopularMoviesGuide" */ = {
			isa = XCConfigurationList;
			buildConfigurations = (
				96E3994A1C29401A00FF642B /* Debug */,
				96E3994B1C29401A00FF642B /* Release */,
			);
			defaultConfigurationIsVisible = 0;
		};
/* End XCConfigurationList section */

/* Begin XCVersionGroup section */
		96E3993E1C29401A00FF642B /* PopularMoviesGuide.xcdatamodeld */ = {
			isa = XCVersionGroup;
			children = (
				96E3993F1C29401A00FF642B /* PopularMoviesGuide.xcdatamodel */,
			);
			currentVersion = 96E3993F1C29401A00FF642B /* PopularMoviesGuide.xcdatamodel */;
			path = PopularMoviesGuide.xcdatamodeld;
			sourceTree = "<group>";
			versionGroupType = wrapper.xcdatamodel;
		};
/* End XCVersionGroup section */
	};
	rootObject = 96E3992F1C29401900FF642B /* Project object */;
}
